
Microsoft Visual Studio Solution File, Format Version 12.00
# Visual Studio Version 16
VisualStudioVersion = 16.0.31729.503
MinimumVisualStudioVersion = 10.0.40219.1
Project("{FAE04EC0-301F-11D3-BF4B-00C04F79EFBC}") = "BookAPI", "BookAPI.csproj", "{FAAD650F-194D-4158-8EFB-A69DA05E6E49}"
EndProject
Global
	GlobalSection(SolutionConfigurationPlatforms) = preSolution
		Debug|Any CPU = Debug|Any CPU
		Release|Any CPU = Release|Any CPU
	EndGlobalSection
	GlobalSection(ProjectConfigurationPlatforms) = postSolution
		{FAAD650F-194D-4158-8EFB-A69DA05E6E49}.Debug|Any CPU.ActiveCfg = Debug|Any CPU
		{FAAD650F-194D-4158-8EFB-A69DA05E6E49}.Debug|Any CPU.Build.0 = Debug|Any CPU
		{FAAD650F-194D-4158-8EFB-A69DA05E6E49}.Release|Any CPU.ActiveCfg = Release|Any CPU
		{FAAD650F-194D-4158-8EFB-A69DA05E6E49}.Release|Any CPU.Build.0 = Release|Any CPU
	EndGlobalSection
	GlobalSection(SolutionProperties) = preSolution
		HideSolutionNode = FALSE
	EndGlobalSection
	GlobalSection(ExtensibilityGlobals) = postSolution
		SolutionGuid = {EEBF11E9-2380-4982-8D9C-5427E98C1EC7}
	EndGlobalSection
EndGlobal
